
Microsoft Visual Studio Solution File, Format Version 12.00
# Visual Studio Version 17
VisualStudioVersion = 17.5.002.0
MinimumVisualStudioVersion = 10.0.40219.1
Project("{9A19103F-16F7-4668-BE54-9A1E7A4F7556}") = "Autoria.API", "Autoria.API\Autoria.API.csproj", "{0783D670-818B-4F59-A412-F9E231D31D3A}"
EndProject
Project("{FAE04EC0-301F-11D3-BF4B-00C04F79EFBC}") = "Autoria.Infrastructure", "Autoria.Infrastructure\Autoria.Infrastructure.csproj", "{E82129CB-E7C8-490F-A069-F2198EA44894}"
EndProject
Project("{FAE04EC0-301F-11D3-BF4B-00C04F79EFBC}") = "Autoria.Core", "Autoria.Core\Autoria.Core.csproj", "{7B85FDE8-A7AC-473E-8046-95DAC241A4CD}"
EndProject
Project("{FAE04EC0-301F-11D3-BF4B-00C04F79EFBC}") = "Autoria.BLL", "Autoria.BLL\Autoria.BLL.csproj", "{60861990-88E9-487B-8C08-7B97B4114C02}"
EndProject
Global
	GlobalSection(SolutionConfigurationPlatforms) = preSolution
		Debug|Any CPU = Debug|Any CPU
		Release|Any CPU = Release|Any CPU
	EndGlobalSection
	GlobalSection(ProjectConfigurationPlatforms) = postSolution
		{0783D670-818B-4F59-A412-F9E231D31D3A}.Debug|Any CPU.ActiveCfg = Debug|Any CPU
		{0783D670-818B-4F59-A412-F9E231D31D3A}.Debug|Any CPU.Build.0 = Debug|Any CPU
		{0783D670-818B-4F59-A412-F9E231D31D3A}.Release|Any CPU.ActiveCfg = Release|Any CPU
		{0783D670-818B-4F59-A412-F9E231D31D3A}.Release|Any CPU.Build.0 = Release|Any CPU
		{E82129CB-E7C8-490F-A069-F2198EA44894}.Debug|Any CPU.ActiveCfg = Debug|Any CPU
		{E82129CB-E7C8-490F-A069-F2198EA44894}.Debug|Any CPU.Build.0 = Debug|Any CPU
		{E82129CB-E7C8-490F-A069-F2198EA44894}.Release|Any CPU.ActiveCfg = Release|Any CPU
		{E82129CB-E7C8-490F-A069-F2198EA44894}.Release|Any CPU.Build.0 = Release|Any CPU
		{7B85FDE8-A7AC-473E-8046-95DAC241A4CD}.Debug|Any CPU.ActiveCfg = Debug|Any CPU
		{7B85FDE8-A7AC-473E-8046-95DAC241A4CD}.Debug|Any CPU.Build.0 = Debug|Any CPU
		{7B85FDE8-A7AC-473E-8046-95DAC241A4CD}.Release|Any CPU.ActiveCfg = Release|Any CPU
		{7B85FDE8-A7AC-473E-8046-95DAC241A4CD}.Release|Any CPU.Build.0 = Release|Any CPU
		{60861990-88E9-487B-8C08-7B97B4114C02}.Debug|Any CPU.ActiveCfg = Debug|Any CPU
		{60861990-88E9-487B-8C08-7B97B4114C02}.Debug|Any CPU.Build.0 = Debug|Any CPU
		{60861990-88E9-487B-8C08-7B97B4114C02}.Release|Any CPU.ActiveCfg = Release|Any CPU
		{60861990-88E9-487B-8C08-7B97B4114C02}.Release|Any CPU.Build.0 = Release|Any CPU
	EndGlobalSection
	GlobalSection(SolutionProperties) = preSolution
		HideSolutionNode = FALSE
	EndGlobalSection
	GlobalSection(ExtensibilityGlobals) = postSolution
		SolutionGuid = {8FCA1F89-A199-41C4-BEEA-12F3D8606CD9}
	EndGlobalSection
EndGlobal
